// !$*UTF8*$!
{
	archiveVersion = 1;
	classes = {
	};
	objectVersion = 77;
	objects = {

/* Begin PBXBuildFile section */
		D51DC68C2DDF381F00FB3905 /* SdkPushExpress in Frameworks */ = {isa = PBXBuildFile; productRef = D51DC68B2DDF381F00FB3905 /* SdkPushExpress */; };
		D51DC68F2DDF382B00FB3905 /* AppsFlyerLib in Frameworks */ = {isa = PBXBuildFile; productRef = D51DC68E2DDF382B00FB3905 /* AppsFlyerLib */; };
		D51DC6922DDF393900FB3905 /* FirebaseAnalytics in Frameworks */ = {isa = PBXBuildFile; productRef = D51DC6912DDF393900FB3905 /* FirebaseAnalytics */; };
		D51DC6942DDF393900FB3905 /* FirebaseAnalyticsOnDeviceConversion in Frameworks */ = {isa = PBXBuildFile; productRef = D51DC6932DDF393900FB3905 /* FirebaseAnalyticsOnDeviceConversion */; };
		D51DC6962DDF393900FB3905 /* FirebaseAnalyticsWithoutAdIdSupport in Frameworks */ = {isa = PBXBuildFile; productRef = D51DC6952DDF393900FB3905 /* FirebaseAnalyticsWithoutAdIdSupport */; };
		D51DC6982DDF393900FB3905 /* FirebaseAuth in Frameworks */ = {isa = PBXBuildFile; productRef = D51DC6972DDF393900FB3905 /* FirebaseAuth */; };
		D51DC69A2DDF393900FB3905 /* FirebaseCore in Frameworks */ = {isa = PBXBuildFile; productRef = D51DC6992DDF393900FB3905 /* FirebaseCore */; };
		D51DC69C2DDF393900FB3905 /* FirebaseFirestore in Frameworks */ = {isa = PBXBuildFile; productRef = D51DC69B2DDF393900FB3905 /* FirebaseFirestore */; };
		D51DC69E2DDF393900FB3905 /* FirebaseFunctions in Frameworks */ = {isa = PBXBuildFile; productRef = D51DC69D2DDF393900FB3905 /* FirebaseFunctions */; };
		D51DC6A02DDF393900FB3905 /* FirebaseRemoteConfig in Frameworks */ = {isa = PBXBuildFile; productRef = D51DC69F2DDF393900FB3905 /* FirebaseRemoteConfig */; };
		D51DC7282DDF3A0400FB3905 /* notificationsvc.appex in Embed Foundation Extensions */ = {isa = PBXBuildFile; fileRef = D51DC7212DDF3A0400FB3905 /* notificationsvc.appex */; settings = {ATTRIBUTES = (RemoveHeadersOnCopy, ); }; };
		D51DC7302DDF3A1700FB3905 /* SdkPushExpress in Frameworks */ = {isa = PBXBuildFile; productRef = D51DC72F2DDF3A1700FB3905 /* SdkPushExpress */; };
		D51DC7322DDF3A3700FB3905 /* AdSupport.framework in Frameworks */ = {isa = PBXBuildFile; fileRef = D51DC7312DDF3A3700FB3905 /* AdSupport.framework */; };
		D51DC7352DDF3AB900FB3905 /* PrivacyInfo.xcprivacy in Resources */ = {isa = PBXBuildFile; fileRef = D51DC7342DDF3AB900FB3905 /* PrivacyInfo.xcprivacy */; };
		D5EE92322DDC9F62000F21EE /* RealmSwift in Frameworks */ = {isa = PBXBuildFile; productRef = D5EE92312DDC9F62000F21EE /* RealmSwift */; };
		D5EE92362DDC9F95000F21EE /* RealmSwift in Embed Frameworks */ = {isa = PBXBuildFile; productRef = D5EE92312DDC9F62000F21EE /* RealmSwift */; settings = {ATTRIBUTES = (CodeSignOnCopy, ); }; };
/* End PBXBuildFile section */

/* Begin PBXContainerItemProxy section */
		D51DC7262DDF3A0400FB3905 /* PBXContainerItemProxy */ = {
			isa = PBXContainerItemProxy;
			containerPortal = D5B84EE72DD33D3A00FEC3CB /* Project object */;
			proxyType = 1;
			remoteGlobalIDString = D51DC7202DDF3A0400FB3905;
			remoteInfo = notificationsvc;
		};
/* End PBXContainerItemProxy section */

/* Begin PBXCopyFilesBuildPhase section */
		D51DC72D2DDF3A0400FB3905 /* Embed Foundation Extensions */ = {
			isa = PBXCopyFilesBuildPhase;
			buildActionMask = 2147483647;
			dstPath = "";
			dstSubfolderSpec = 13;
			files = (
				D51DC7282DDF3A0400FB3905 /* notificationsvc.appex in Embed Foundation Extensions */,
			);
			name = "Embed Foundation Extensions";
			runOnlyForDeploymentPostprocessing = 0;
		};
		D5EE92372DDC9F95000F21EE /* Embed Frameworks */ = {
			isa = PBXCopyFilesBuildPhase;
			buildActionMask = 2147483647;
			dstPath = "";
			dstSubfolderSpec = 10;
			files = (
				D5EE92362DDC9F95000F21EE /* RealmSwift in Embed Frameworks */,
			);
			name = "Embed Frameworks";
			runOnlyForDeploymentPostprocessing = 0;
		};
/* End PBXCopyFilesBuildPhase section */

/* Begin PBXFileReference section */
		D51DC7212DDF3A0400FB3905 /* notificationsvc.appex */ = {isa = PBXFileReference; explicitFileType = "wrapper.app-extension"; includeInIndex = 0; path = notificationsvc.appex; sourceTree = BUILT_PRODUCTS_DIR; };
		D51DC7312DDF3A3700FB3905 /* AdSupport.framework */ = {isa = PBXFileReference; lastKnownFileType = wrapper.framework; name = AdSupport.framework; path = System/Library/Frameworks/AdSupport.framework; sourceTree = SDKROOT; };
		D51DC7342DDF3AB900FB3905 /* PrivacyInfo.xcprivacy */ = {isa = PBXFileReference; lastKnownFileType = text.xml; path = PrivacyInfo.xcprivacy; sourceTree = "<group>"; };
		D5B84EEF2DD33D3A00FEC3CB /* MemoryGames.app */ = {isa = PBXFileReference; explicitFileType = wrapper.application; includeInIndex = 0; path = MemoryGames.app; sourceTree = BUILT_PRODUCTS_DIR; };
/* End PBXFileReference section */

/* Begin PBXFileSystemSynchronizedBuildFileExceptionSet section */
		D51DC72C2DDF3A0400FB3905 /* Exceptions for "notificationsvc" folder in "notificationsvc" target */ = {
			isa = PBXFileSystemSynchronizedBuildFileExceptionSet;
			membershipExceptions = (
				Info.plist,
			);
			target = D51DC7202DDF3A0400FB3905 /* notificationsvc */;
		};
		D5B84F012DD33D3C00FEC3CB /* Exceptions for "MemoryGames" folder in "MemoryGames" target */ = {
			isa = PBXFileSystemSynchronizedBuildFileExceptionSet;
			membershipExceptions = (
				Resources/Info.plist,
			);
			target = D5B84EEE2DD33D3A00FEC3CB /* MemoryGames */;
		};
/* End PBXFileSystemSynchronizedBuildFileExceptionSet section */

/* Begin PBXFileSystemSynchronizedRootGroup section */
		D51DC7222DDF3A0400FB3905 /* notificationsvc */ = {
			isa = PBXFileSystemSynchronizedRootGroup;
			exceptions = (
				D51DC72C2DDF3A0400FB3905 /* Exceptions for "notificationsvc" folder in "notificationsvc" target */,
			);
			path = notificationsvc;
			sourceTree = "<group>";
		};
		D5B84EF12DD33D3A00FEC3CB /* MemoryGames */ = {
			isa = PBXFileSystemSynchronizedRootGroup;
			exceptions = (
				D5B84F012DD33D3C00FEC3CB /* Exceptions for "MemoryGames" folder in "MemoryGames" target */,
			);
			path = MemoryGames;
			sourceTree = "<group>";
		};
/* End PBXFileSystemSynchronizedRootGroup section */

/* Begin PBXFrameworksBuildPhase section */
		D51DC71E2DDF3A0400FB3905 /* Frameworks */ = {
			isa = PBXFrameworksBuildPhase;
			buildActionMask = 2147483647;
			files = (
				D51DC7302DDF3A1700FB3905 /* SdkPushExpress in Frameworks */,
			);
			runOnlyForDeploymentPostprocessing = 0;
		};
		D5B84EEC2DD33D3A00FEC3CB /* Frameworks */ = {
			isa = PBXFrameworksBuildPhase;
			buildActionMask = 2147483647;
			files = (
				D51DC6A02DDF393900FB3905 /* FirebaseRemoteConfig in Frameworks */,
				D51DC68C2DDF381F00FB3905 /* SdkPushExpress in Frameworks */,
				D51DC6962DDF393900FB3905 /* FirebaseAnalyticsWithoutAdIdSupport in Frameworks */,
				D5EE92322DDC9F62000F21EE /* RealmSwift in Frameworks */,
				D51DC6942DDF393900FB3905 /* FirebaseAnalyticsOnDeviceConversion in Frameworks */,
				D51DC7322DDF3A3700FB3905 /* AdSupport.framework in Frameworks */,
				D51DC6922DDF393900FB3905 /* FirebaseAnalytics in Frameworks */,
				D51DC69C2DDF393900FB3905 /* FirebaseFirestore in Frameworks */,
				D51DC6982DDF393900FB3905 /* FirebaseAuth in Frameworks */,
				D51DC69E2DDF393900FB3905 /* FirebaseFunctions in Frameworks */,
				D51DC69A2DDF393900FB3905 /* FirebaseCore in Frameworks */,
				D51DC68F2DDF382B00FB3905 /* AppsFlyerLib in Frameworks */,
			);
			runOnlyForDeploymentPostprocessing = 0;
		};
/* End PBXFrameworksBuildPhase section */

/* Begin PBXGroup section */
		D51DC72E2DDF3A1700FB3905 /* Frameworks */ = {
			isa = PBXGroup;
			children = (
				D51DC7312DDF3A3700FB3905 /* AdSupport.framework */,
			);
			name = Frameworks;
			sourceTree = "<group>";
		};
		D5B84EE62DD33D3A00FEC3CB = {
			isa = PBXGroup;
			children = (
				D51DC7342DDF3AB900FB3905 /* PrivacyInfo.xcprivacy */,
				D5B84EF12DD33D3A00FEC3CB /* MemoryGames */,
				D51DC7222DDF3A0400FB3905 /* notificationsvc */,
				D51DC72E2DDF3A1700FB3905 /* Frameworks */,
				D5B84EF02DD33D3A00FEC3CB /* Products */,
			);
			sourceTree = "<group>";
		};
		D5B84EF02DD33D3A00FEC3CB /* Products */ = {
			isa = PBXGroup;
			children = (
				D5B84EEF2DD33D3A00FEC3CB /* MemoryGames.app */,
				D51DC7212DDF3A0400FB3905 /* notificationsvc.appex */,
			);
			name = Products;
			sourceTree = "<group>";
		};
/* End PBXGroup section */

/* Begin PBXNativeTarget section */
		D51DC7202DDF3A0400FB3905 /* notificationsvc */ = {
			isa = PBXNativeTarget;
			buildConfigurationList = D51DC7292DDF3A0400FB3905 /* Build configuration list for PBXNativeTarget "notificationsvc" */;
			buildPhases = (
				D51DC71D2DDF3A0400FB3905 /* Sources */,
				D51DC71E2DDF3A0400FB3905 /* Frameworks */,
				D51DC71F2DDF3A0400FB3905 /* Resources */,
			);
			buildRules = (
			);
			dependencies = (
			);
			fileSystemSynchronizedGroups = (
				D51DC7222DDF3A0400FB3905 /* notificationsvc */,
			);
			name = notificationsvc;
			packageProductDependencies = (
				D51DC72F2DDF3A1700FB3905 /* SdkPushExpress */,
			);
			productName = notificationsvc;
			productReference = D51DC7212DDF3A0400FB3905 /* notificationsvc.appex */;
			productType = "com.apple.product-type.app-extension";
		};
		D5B84EEE2DD33D3A00FEC3CB /* MemoryGames */ = {
			isa = PBXNativeTarget;
			buildConfigurationList = D5B84F022DD33D3C00FEC3CB /* Build configuration list for PBXNativeTarget "MemoryGames" */;
			buildPhases = (
				D5B84EEB2DD33D3A00FEC3CB /* Sources */,
				D5B84EEC2DD33D3A00FEC3CB /* Frameworks */,
				D5B84EED2DD33D3A00FEC3CB /* Resources */,
				D5EE92372DDC9F95000F21EE /* Embed Frameworks */,
				D51DC72D2DDF3A0400FB3905 /* Embed Foundation Extensions */,
			);
			buildRules = (
			);
			dependencies = (
				D51DC7272DDF3A0400FB3905 /* PBXTargetDependency */,
			);
			fileSystemSynchronizedGroups = (
				D5B84EF12DD33D3A00FEC3CB /* MemoryGames */,
			);
			name = MemoryGames;
			packageProductDependencies = (
				D5EE92312DDC9F62000F21EE /* RealmSwift */,
				D51DC68B2DDF381F00FB3905 /* SdkPushExpress */,
				D51DC68E2DDF382B00FB3905 /* AppsFlyerLib */,
				D51DC6912DDF393900FB3905 /* FirebaseAnalytics */,
				D51DC6932DDF393900FB3905 /* FirebaseAnalyticsOnDeviceConversion */,
				D51DC6952DDF393900FB3905 /* FirebaseAnalyticsWithoutAdIdSupport */,
				D51DC6972DDF393900FB3905 /* FirebaseAuth */,
				D51DC6992DDF393900FB3905 /* FirebaseCore */,
				D51DC69B2DDF393900FB3905 /* FirebaseFirestore */,
				D51DC69D2DDF393900FB3905 /* FirebaseFunctions */,
				D51DC69F2DDF393900FB3905 /* FirebaseRemoteConfig */,
			);
			productName = MemoryGames;
			productReference = D5B84EEF2DD33D3A00FEC3CB /* MemoryGames.app */;
			productType = "com.apple.product-type.application";
		};
/* End PBXNativeTarget section */

/* Begin PBXProject section */
		D5B84EE72DD33D3A00FEC3CB /* Project object */ = {
			isa = PBXProject;
			attributes = {
				BuildIndependentTargetsInParallel = 1;
				LastSwiftUpdateCheck = 1620;
				LastUpgradeCheck = 1620;
				TargetAttributes = {
					D51DC7202DDF3A0400FB3905 = {
						CreatedOnToolsVersion = 16.2;
					};
					D5B84EEE2DD33D3A00FEC3CB = {
						CreatedOnToolsVersion = 16.2;
					};
				};
			};
			buildConfigurationList = D5B84EEA2DD33D3A00FEC3CB /* Build configuration list for PBXProject "MemoryGames" */;
			developmentRegion = en;
			hasScannedForEncodings = 0;
			knownRegions = (
				en,
				Base,
			);
			mainGroup = D5B84EE62DD33D3A00FEC3CB;
			minimizedProjectReferenceProxies = 1;
			packageReferences = (
				D5EE92302DDC9F62000F21EE /* XCRemoteSwiftPackageReference "realm-swift" */,
				D51DC68A2DDF381F00FB3905 /* XCRemoteSwiftPackageReference "pushexpress-swift-sdk" */,
				D51DC68D2DDF382B00FB3905 /* XCRemoteSwiftPackageReference "AppsFlyerFramework" */,
				D51DC6902DDF393900FB3905 /* XCRemoteSwiftPackageReference "firebase-ios-sdk" */,
			);
			preferredProjectObjectVersion = 77;
			productRefGroup = D5B84EF02DD33D3A00FEC3CB /* Products */;
			projectDirPath = "";
			projectRoot = "";
			targets = (
				D5B84EEE2DD33D3A00FEC3CB /* MemoryGames */,
				D51DC7202DDF3A0400FB3905 /* notificationsvc */,
			);
		};
/* End PBXProject section */

/* Begin PBXResourcesBuildPhase section */
		D51DC71F2DDF3A0400FB3905 /* Resources */ = {
			isa = PBXResourcesBuildPhase;
			buildActionMask = 2147483647;
			files = (
			);
			runOnlyForDeploymentPostprocessing = 0;
		};
		D5B84EED2DD33D3A00FEC3CB /* Resources */ = {
			isa = PBXResourcesBuildPhase;
			buildActionMask = 2147483647;
			files = (
				D51DC7352DDF3AB900FB3905 /* PrivacyInfo.xcprivacy in Resources */,
			);
			runOnlyForDeploymentPostprocessing = 0;
		};
/* End PBXResourcesBuildPhase section */

/* Begin PBXSourcesBuildPhase section */
		D51DC71D2DDF3A0400FB3905 /* Sources */ = {
			isa = PBXSourcesBuildPhase;
			buildActionMask = 2147483647;
			files = (
			);
			runOnlyForDeploymentPostprocessing = 0;
		};
		D5B84EEB2DD33D3A00FEC3CB /* Sources */ = {
			isa = PBXSourcesBuildPhase;
			buildActionMask = 2147483647;
			files = (
			);
			runOnlyForDeploymentPostprocessing = 0;
		};
/* End PBXSourcesBuildPhase section */

/* Begin PBXTargetDependency section */
		D51DC7272DDF3A0400FB3905 /* PBXTargetDependency */ = {
			isa = PBXTargetDependency;
			target = D51DC7202DDF3A0400FB3905 /* notificationsvc */;
			targetProxy = D51DC7262DDF3A0400FB3905 /* PBXContainerItemProxy */;
		};
/* End PBXTargetDependency section */

/* Begin XCBuildConfiguration section */
		D51DC72A2DDF3A0400FB3905 /* Debug */ = {
			isa = XCBuildConfiguration;
			buildSettings = {
				CODE_SIGN_STYLE = Manual;
				CURRENT_PROJECT_VERSION = 1;
				DEVELOPMENT_TEAM = "";
				GENERATE_INFOPLIST_FILE = YES;
				INFOPLIST_FILE = notificationsvc/Info.plist;
				INFOPLIST_KEY_CFBundleDisplayName = notificationsvc;
				INFOPLIST_KEY_NSHumanReadableCopyright = "";
				IPHONEOS_DEPLOYMENT_TARGET = 16.0;
				LD_RUNPATH_SEARCH_PATHS = (
					"$(inherited)",
					"@executable_path/Frameworks",
					"@executable_path/../../Frameworks",
				);
				MARKETING_VERSION = 1.1;
				PRODUCT_BUNDLE_IDENTIFIER = com.ihordjereleyko.notificationsvc;
				PRODUCT_NAME = "$(TARGET_NAME)";
				PROVISIONING_PROFILE_SPECIFIER = "";
				SKIP_INSTALL = YES;
				SUPPORTED_PLATFORMS = "iphoneos iphonesimulator";
				SUPPORTS_MACCATALYST = NO;
				SUPPORTS_MAC_DESIGNED_FOR_IPHONE_IPAD = NO;
				SUPPORTS_XR_DESIGNED_FOR_IPHONE_IPAD = NO;
				SWIFT_EMIT_LOC_STRINGS = YES;
				SWIFT_VERSION = 5.0;
				TARGETED_DEVICE_FAMILY = 1;
			};
			name = Debug;
		};
		D51DC72B2DDF3A0400FB3905 /* Release */ = {
			isa = XCBuildConfiguration;
			buildSettings = {
				CODE_SIGN_STYLE = Manual;
				CURRENT_PROJECT_VERSION = 1;
				DEVELOPMENT_TEAM = "";
				GENERATE_INFOPLIST_FILE = YES;
				INFOPLIST_FILE = notificationsvc/Info.plist;
				INFOPLIST_KEY_CFBundleDisplayName = notificationsvc;
				INFOPLIST_KEY_NSHumanReadableCopyright = "";
				IPHONEOS_DEPLOYMENT_TARGET = 16.0;
				LD_RUNPATH_SEARCH_PATHS = (
					"$(inherited)",
					"@executable_path/Frameworks",
					"@executable_path/../../Frameworks",
				);
				MARKETING_VERSION = 1.1;
				PRODUCT_BUNDLE_IDENTIFIER = com.ihordjereleyko.notificationsvc;
				PRODUCT_NAME = "$(TARGET_NAME)";
				PROVISIONING_PROFILE_SPECIFIER = "";
				SKIP_INSTALL = YES;
				SUPPORTED_PLATFORMS = "iphoneos iphonesimulator";
				SUPPORTS_MACCATALYST = NO;
				SUPPORTS_MAC_DESIGNED_FOR_IPHONE_IPAD = NO;
				SUPPORTS_XR_DESIGNED_FOR_IPHONE_IPAD = NO;
				SWIFT_EMIT_LOC_STRINGS = YES;
				SWIFT_VERSION = 5.0;
				TARGETED_DEVICE_FAMILY = 1;
			};
			name = Release;
		};
		D5B84F032DD33D3C00FEC3CB /* Debug */ = {
			isa = XCBuildConfiguration;
			buildSettings = {
				ASSETCATALOG_COMPILER_APPICON_NAME = AppIcon;
				ASSETCATALOG_COMPILER_GLOBAL_ACCENT_COLOR_NAME = AccentColor;
				CODE_SIGN_ENTITLEMENTS = MemoryGames/MemoryGames.entitlements;
				CODE_SIGN_STYLE = Manual;
				CURRENT_PROJECT_VERSION = 1;
				DEVELOPMENT_TEAM = "";
				GENERATE_INFOPLIST_FILE = YES;
				INFOPLIST_FILE = MemoryGames/Resources/Info.plist;
				INFOPLIST_KEY_CFBundleDisplayName = SequenceGo;
				INFOPLIST_KEY_NSCameraUsageDescription = "We need access to your photo library to select an image for your icon";
				INFOPLIST_KEY_NSPhotoLibraryUsageDescription = "We need access to your photo library to select an image for your icon";
				INFOPLIST_KEY_NSUserTrackingUsageDescription = "This identifier will be used to show you personalized ads on the marketplaces.";
				INFOPLIST_KEY_UIApplicationSupportsIndirectInputEvents = YES;
				INFOPLIST_KEY_UILaunchStoryboardName = LaunchScreen;
				INFOPLIST_KEY_UIMainStoryboardFile = Main;
				INFOPLIST_KEY_UISupportedInterfaceOrientations = UIInterfaceOrientationPortrait;
				INFOPLIST_KEY_UISupportedInterfaceOrientations_iPad = "UIInterfaceOrientationLandscapeLeft UIInterfaceOrientationLandscapeRight UIInterfaceOrientationPortrait UIInterfaceOrientationPortraitUpsideDown";
				INFOPLIST_KEY_UIUserInterfaceStyle = Light;
				IPHONEOS_DEPLOYMENT_TARGET = 16.0;
				LD_RUNPATH_SEARCH_PATHS = (
					"$(inherited)",
					"@executable_path/Frameworks",
				);
				MARKETING_VERSION = 1.1;
				OTHER_LDFLAGS = "-ObjC";
				PRODUCT_BUNDLE_IDENTIFIER = com.ihordjereleyko;
				PRODUCT_NAME = "$(TARGET_NAME)";
				PROVISIONING_PROFILE_SPECIFIER = "";
				SUPPORTED_PLATFORMS = "iphoneos iphonesimulator";
				SUPPORTS_MACCATALYST = NO;
				SUPPORTS_MAC_DESIGNED_FOR_IPHONE_IPAD = NO;
				SUPPORTS_XR_DESIGNED_FOR_IPHONE_IPAD = NO;
				SWIFT_EMIT_LOC_STRINGS = YES;
				SWIFT_VERSION = 5.0;
				TARGETED_DEVICE_FAMILY = 1;
			};
			name = Debug;
		};
		D5B84F042DD33D3C00FEC3CB /* Release */ = {
			isa = XCBuildConfiguration;
			buildSettings = {
				ASSETCATALOG_COMPILER_APPICON_NAME = AppIcon;
				ASSETCATALOG_COMPILER_GLOBAL_ACCENT_COLOR_NAME = AccentColor;
				CODE_SIGN_ENTITLEMENTS = MemoryGames/MemoryGames.entitlements;
				CODE_SIGN_STYLE = Manual;
				CURRENT_PROJECT_VERSION = 1;
				DEVELOPMENT_TEAM = "";
				GENERATE_INFOPLIST_FILE = YES;
				INFOPLIST_FILE = MemoryGames/Resources/Info.plist;
				INFOPLIST_KEY_CFBundleDisplayName = SequenceGo;
				INFOPLIST_KEY_NSCameraUsageDescription = "We need access to your photo library to select an image for your icon";
				INFOPLIST_KEY_NSPhotoLibraryUsageDescription = "We need access to your photo library to select an image for your icon";
				INFOPLIST_KEY_NSUserTrackingUsageDescription = "This identifier will be used to show you personalized ads on the marketplaces.";
				INFOPLIST_KEY_UIApplicationSupportsIndirectInputEvents = YES;
				INFOPLIST_KEY_UILaunchStoryboardName = LaunchScreen;
				INFOPLIST_KEY_UIMainStoryboardFile = Main;
				INFOPLIST_KEY_UISupportedInterfaceOrientations = UIInterfaceOrientationPortrait;
				INFOPLIST_KEY_UISupportedInterfaceOrientations_iPad = "UIInterfaceOrientationLandscapeLeft UIInterfaceOrientationLandscapeRight UIInterfaceOrientationPortrait UIInterfaceOrientationPortraitUpsideDown";
				INFOPLIST_KEY_UIUserInterfaceStyle = Light;
				IPHONEOS_DEPLOYMENT_TARGET = 16.0;
				LD_RUNPATH_SEARCH_PATHS = (
					"$(inherited)",
					"@executable_path/Frameworks",
				);
				MARKETING_VERSION = 1.1;
				OTHER_LDFLAGS = "-ObjC";
				PRODUCT_BUNDLE_IDENTIFIER = com.ihordjereleyko;
				PRODUCT_NAME = "$(TARGET_NAME)";
				PROVISIONING_PROFILE_SPECIFIER = "";
				SUPPORTED_PLATFORMS = "iphoneos iphonesimulator";
				SUPPORTS_MACCATALYST = NO;
				SUPPORTS_MAC_DESIGNED_FOR_IPHONE_IPAD = NO;
				SUPPORTS_XR_DESIGNED_FOR_IPHONE_IPAD = NO;
				SWIFT_EMIT_LOC_STRINGS = YES;
				SWIFT_VERSION = 5.0;
				TARGETED_DEVICE_FAMILY = 1;
			};
			name = Release;
		};
		D5B84F052DD33D3C00FEC3CB /* Debug */ = {
			isa = XCBuildConfiguration;
			buildSettings = {
				ALWAYS_SEARCH_USER_PATHS = NO;
				ASSETCATALOG_COMPILER_GENERATE_SWIFT_ASSET_SYMBOL_EXTENSIONS = YES;
				CLANG_ANALYZER_NONNULL = YES;
				CLANG_ANALYZER_NUMBER_OBJECT_CONVERSION = YES_AGGRESSIVE;
				CLANG_CXX_LANGUAGE_STANDARD = "gnu++20";
				CLANG_ENABLE_MODULES = YES;
				CLANG_ENABLE_OBJC_ARC = YES;
				CLANG_ENABLE_OBJC_WEAK = YES;
				CLANG_WARN_BLOCK_CAPTURE_AUTORELEASING = YES;
				CLANG_WARN_BOOL_CONVERSION = YES;
				CLANG_WARN_COMMA = YES;
				CLANG_WARN_CONSTANT_CONVERSION = YES;
				CLANG_WARN_DEPRECATED_OBJC_IMPLEMENTATIONS = YES;
				CLANG_WARN_DIRECT_OBJC_ISA_USAGE = YES_ERROR;
				CLANG_WARN_DOCUMENTATION_COMMENTS = YES;
				CLANG_WARN_EMPTY_BODY = YES;
				CLANG_WARN_ENUM_CONVERSION = YES;
				CLANG_WARN_INFINITE_RECURSION = YES;
				CLANG_WARN_INT_CONVERSION = YES;
				CLANG_WARN_NON_LITERAL_NULL_CONVERSION = YES;
				CLANG_WARN_OBJC_IMPLICIT_RETAIN_SELF = YES;
				CLANG_WARN_OBJC_LITERAL_CONVERSION = YES;
				CLANG_WARN_OBJC_ROOT_CLASS = YES_ERROR;
				CLANG_WARN_QUOTED_INCLUDE_IN_FRAMEWORK_HEADER = YES;
				CLANG_WARN_RANGE_LOOP_ANALYSIS = YES;
				CLANG_WARN_STRICT_PROTOTYPES = YES;
				CLANG_WARN_SUSPICIOUS_MOVE = YES;
				CLANG_WARN_UNGUARDED_AVAILABILITY = YES_AGGRESSIVE;
				CLANG_WARN_UNREACHABLE_CODE = YES;
				CLANG_WARN__DUPLICATE_METHOD_MATCH = YES;
				COPY_PHASE_STRIP = NO;
				DEBUG_INFORMATION_FORMAT = dwarf;
				ENABLE_STRICT_OBJC_MSGSEND = YES;
				ENABLE_TESTABILITY = YES;
				ENABLE_USER_SCRIPT_SANDBOXING = YES;
				GCC_C_LANGUAGE_STANDARD = gnu17;
				GCC_DYNAMIC_NO_PIC = NO;
				GCC_NO_COMMON_BLOCKS = YES;
				GCC_OPTIMIZATION_LEVEL = 0;
				GCC_PREPROCESSOR_DEFINITIONS = (
					"DEBUG=1",
					"$(inherited)",
				);
				GCC_WARN_64_TO_32_BIT_CONVERSION = YES;
				GCC_WARN_ABOUT_RETURN_TYPE = YES_ERROR;
				GCC_WARN_UNDECLARED_SELECTOR = YES;
				GCC_WARN_UNINITIALIZED_AUTOS = YES_AGGRESSIVE;
				GCC_WARN_UNUSED_FUNCTION = YES;
				GCC_WARN_UNUSED_VARIABLE = YES;
				IPHONEOS_DEPLOYMENT_TARGET = 18.2;
				LOCALIZATION_PREFERS_STRING_CATALOGS = YES;
				MTL_ENABLE_DEBUG_INFO = INCLUDE_SOURCE;
				MTL_FAST_MATH = YES;
				ONLY_ACTIVE_ARCH = YES;
				SDKROOT = iphoneos;
				SWIFT_ACTIVE_COMPILATION_CONDITIONS = "DEBUG $(inherited)";
				SWIFT_OPTIMIZATION_LEVEL = "-Onone";
			};
			name = Debug;
		};
		D5B84F062DD33D3C00FEC3CB /* Release */ = {
			isa = XCBuildConfiguration;
			buildSettings = {
				ALWAYS_SEARCH_USER_PATHS = NO;
				ASSETCATALOG_COMPILER_GENERATE_SWIFT_ASSET_SYMBOL_EXTENSIONS = YES;
				CLANG_ANALYZER_NONNULL = YES;
				CLANG_ANALYZER_NUMBER_OBJECT_CONVERSION = YES_AGGRESSIVE;
				CLANG_CXX_LANGUAGE_STANDARD = "gnu++20";
				CLANG_ENABLE_MODULES = YES;
				CLANG_ENABLE_OBJC_ARC = YES;
				CLANG_ENABLE_OBJC_WEAK = YES;
				CLANG_WARN_BLOCK_CAPTURE_AUTORELEASING = YES;
				CLANG_WARN_BOOL_CONVERSION = YES;
				CLANG_WARN_COMMA = YES;
				CLANG_WARN_CONSTANT_CONVERSION = YES;
				CLANG_WARN_DEPRECATED_OBJC_IMPLEMENTATIONS = YES;
				CLANG_WARN_DIRECT_OBJC_ISA_USAGE = YES_ERROR;
				CLANG_WARN_DOCUMENTATION_COMMENTS = YES;
				CLANG_WARN_EMPTY_BODY = YES;
				CLANG_WARN_ENUM_CONVERSION = YES;
				CLANG_WARN_INFINITE_RECURSION = YES;
				CLANG_WARN_INT_CONVERSION = YES;
				CLANG_WARN_NON_LITERAL_NULL_CONVERSION = YES;
				CLANG_WARN_OBJC_IMPLICIT_RETAIN_SELF = YES;
				CLANG_WARN_OBJC_LITERAL_CONVERSION = YES;
				CLANG_WARN_OBJC_ROOT_CLASS = YES_ERROR;
				CLANG_WARN_QUOTED_INCLUDE_IN_FRAMEWORK_HEADER = YES;
				CLANG_WARN_RANGE_LOOP_ANALYSIS = YES;
				CLANG_WARN_STRICT_PROTOTYPES = YES;
				CLANG_WARN_SUSPICIOUS_MOVE = YES;
				CLANG_WARN_UNGUARDED_AVAILABILITY = YES_AGGRESSIVE;
				CLANG_WARN_UNREACHABLE_CODE = YES;
				CLANG_WARN__DUPLICATE_METHOD_MATCH = YES;
				COPY_PHASE_STRIP = NO;
				DEBUG_INFORMATION_FORMAT = "dwarf-with-dsym";
				ENABLE_NS_ASSERTIONS = NO;
				ENABLE_STRICT_OBJC_MSGSEND = YES;
				ENABLE_USER_SCRIPT_SANDBOXING = YES;
				GCC_C_LANGUAGE_STANDARD = gnu17;
				GCC_NO_COMMON_BLOCKS = YES;
				GCC_WARN_64_TO_32_BIT_CONVERSION = YES;
				GCC_WARN_ABOUT_RETURN_TYPE = YES_ERROR;
				GCC_WARN_UNDECLARED_SELECTOR = YES;
				GCC_WARN_UNINITIALIZED_AUTOS = YES_AGGRESSIVE;
				GCC_WARN_UNUSED_FUNCTION = YES;
				GCC_WARN_UNUSED_VARIABLE = YES;
				IPHONEOS_DEPLOYMENT_TARGET = 18.2;
				LOCALIZATION_PREFERS_STRING_CATALOGS = YES;
				MTL_ENABLE_DEBUG_INFO = NO;
				MTL_FAST_MATH = YES;
				SDKROOT = iphoneos;
				SWIFT_COMPILATION_MODE = wholemodule;
				VALIDATE_PRODUCT = YES;
			};
			name = Release;
		};
/* End XCBuildConfiguration section */

/* Begin XCConfigurationList section */
		D51DC7292DDF3A0400FB3905 /* Build configuration list for PBXNativeTarget "notificationsvc" */ = {
			isa = XCConfigurationList;
			buildConfigurations = (
				D51DC72A2DDF3A0400FB3905 /* Debug */,
				D51DC72B2DDF3A0400FB3905 /* Release */,
			);
			defaultConfigurationIsVisible = 0;
			defaultConfigurationName = Release;
		};
		D5B84EEA2DD33D3A00FEC3CB /* Build configuration list for PBXProject "MemoryGames" */ = {
			isa = XCConfigurationList;
			buildConfigurations = (
				D5B84F052DD33D3C00FEC3CB /* Debug */,
				D5B84F062DD33D3C00FEC3CB /* Release */,
			);
			defaultConfigurationIsVisible = 0;
			defaultConfigurationName = Release;
		};
		D5B84F022DD33D3C00FEC3CB /* Build configuration list for PBXNativeTarget "MemoryGames" */ = {
			isa = XCConfigurationList;
			buildConfigurations = (
				D5B84F032DD33D3C00FEC3CB /* Debug */,
				D5B84F042DD33D3C00FEC3CB /* Release */,
			);
			defaultConfigurationIsVisible = 0;
			defaultConfigurationName = Release;
		};
/* End XCConfigurationList section */

/* Begin XCRemoteSwiftPackageReference section */
		D51DC68A2DDF381F00FB3905 /* XCRemoteSwiftPackageReference "pushexpress-swift-sdk" */ = {
			isa = XCRemoteSwiftPackageReference;
			repositoryURL = "https://github.com/pushexpress/pushexpress-swift-sdk";
			requirement = {
				branch = main;
				kind = branch;
			};
		};
		D51DC68D2DDF382B00FB3905 /* XCRemoteSwiftPackageReference "AppsFlyerFramework" */ = {
			isa = XCRemoteSwiftPackageReference;
			repositoryURL = "https://github.com/AppsFlyerSDK/AppsFlyerFramework.git";
			requirement = {
				kind = upToNextMajorVersion;
				minimumVersion = 6.17.0;
			};
		};
		D51DC6902DDF393900FB3905 /* XCRemoteSwiftPackageReference "firebase-ios-sdk" */ = {
			isa = XCRemoteSwiftPackageReference;
			repositoryURL = "https://github.com/firebase/firebase-ios-sdk.git";
			requirement = {
				kind = upToNextMajorVersion;
				minimumVersion = 11.13.0;
			};
		};
		D5EE92302DDC9F62000F21EE /* XCRemoteSwiftPackageReference "realm-swift" */ = {
			isa = XCRemoteSwiftPackageReference;
			repositoryURL = "https://github.com/realm/realm-swift.git";
			requirement = {
				branch = master;
				kind = branch;
			};
		};
/* End XCRemoteSwiftPackageReference section */

/* Begin XCSwiftPackageProductDependency section */
		D51DC68B2DDF381F00FB3905 /* SdkPushExpress */ = {
			isa = XCSwiftPackageProductDependency;
			package = D51DC68A2DDF381F00FB3905 /* XCRemoteSwiftPackageReference "pushexpress-swift-sdk" */;
			productName = SdkPushExpress;
		};
		D51DC68E2DDF382B00FB3905 /* AppsFlyerLib */ = {
			isa = XCSwiftPackageProductDependency;
			package = D51DC68D2DDF382B00FB3905 /* XCRemoteSwiftPackageReference "AppsFlyerFramework" */;
			productName = AppsFlyerLib;
		};
		D51DC6912DDF393900FB3905 /* FirebaseAnalytics */ = {
			isa = XCSwiftPackageProductDependency;
			package = D51DC6902DDF393900FB3905 /* XCRemoteSwiftPackageReference "firebase-ios-sdk" */;
			productName = FirebaseAnalytics;
		};
		D51DC6932DDF393900FB3905 /* FirebaseAnalyticsOnDeviceConversion */ = {
			isa = XCSwiftPackageProductDependency;
			package = D51DC6902DDF393900FB3905 /* XCRemoteSwiftPackageReference "firebase-ios-sdk" */;
			productName = FirebaseAnalyticsOnDeviceConversion;
		};
		D51DC6952DDF393900FB3905 /* FirebaseAnalyticsWithoutAdIdSupport */ = {
			isa = XCSwiftPackageProductDependency;
			package = D51DC6902DDF393900FB3905 /* XCRemoteSwiftPackageReference "firebase-ios-sdk" */;
			productName = FirebaseAnalyticsWithoutAdIdSupport;
		};
		D51DC6972DDF393900FB3905 /* FirebaseAuth */ = {
			isa = XCSwiftPackageProductDependency;
			package = D51DC6902DDF393900FB3905 /* XCRemoteSwiftPackageReference "firebase-ios-sdk" */;
			productName = FirebaseAuth;
		};
		D51DC6992DDF393900FB3905 /* FirebaseCore */ = {
			isa = XCSwiftPackageProductDependency;
			package = D51DC6902DDF393900FB3905 /* XCRemoteSwiftPackageReference "firebase-ios-sdk" */;
			productName = FirebaseCore;
		};
		D51DC69B2DDF393900FB3905 /* FirebaseFirestore */ = {
			isa = XCSwiftPackageProductDependency;
			package = D51DC6902DDF393900FB3905 /* XCRemoteSwiftPackageReference "firebase-ios-sdk" */;
			productName = FirebaseFirestore;
		};
		D51DC69D2DDF393900FB3905 /* FirebaseFunctions */ = {
			isa = XCSwiftPackageProductDependency;
			package = D51DC6902DDF393900FB3905 /* XCRemoteSwiftPackageReference "firebase-ios-sdk" */;
			productName = FirebaseFunctions;
		};
		D51DC69F2DDF393900FB3905 /* FirebaseRemoteConfig */ = {
			isa = XCSwiftPackageProductDependency;
			package = D51DC6902DDF393900FB3905 /* XCRemoteSwiftPackageReference "firebase-ios-sdk" */;
			productName = FirebaseRemoteConfig;
		};
		D51DC72F2DDF3A1700FB3905 /* SdkPushExpress */ = {
			isa = XCSwiftPackageProductDependency;
			package = D51DC68A2DDF381F00FB3905 /* XCRemoteSwiftPackageReference "pushexpress-swift-sdk" */;
			productName = SdkPushExpress;
		};
		D5EE92312DDC9F62000F21EE /* RealmSwift */ = {
			isa = XCSwiftPackageProductDependency;
			package = D5EE92302DDC9F62000F21EE /* XCRemoteSwiftPackageReference "realm-swift" */;
			productName = RealmSwift;
		};
/* End XCSwiftPackageProductDependency section */
	};
	rootObject = D5B84EE72DD33D3A00FEC3CB /* Project object */;
}
